
Microsoft Visual Studio Solution File, Format Version 12.00
# Visual Studio 14
VisualStudioVersion = 14.0.25420.1
MinimumVisualStudioVersion = 10.0.40219.1
Project("{FAE04EC0-301F-11D3-BF4B-00C04F79EFBC}") = "UnitTestProject1", "UnitTestProject1\UnitTestProject1.csproj", "{E0B8AE8A-01B9-46CC-8888-A8F1DF8918B4}"
EndProject
Project("{FAE04EC0-301F-11D3-BF4B-00C04F79EFBC}") = "Example", "Example\Example.csproj", "{E95BDE14-DF26-49B1-AE25-3C08373A442F}"
EndProject
Global
	GlobalSection(SolutionConfigurationPlatforms) = preSolution
		Debug|Any CPU = Debug|Any CPU
		Release|Any CPU = Release|Any CPU
	EndGlobalSection
	GlobalSection(ProjectConfigurationPlatforms) = postSolution
		{E0B8AE8A-01B9-46CC-8888-A8F1DF8918B4}.Debug|Any CPU.ActiveCfg = Debug|Any CPU
		{E0B8AE8A-01B9-46CC-8888-A8F1DF8918B4}.Debug|Any CPU.Build.0 = Debug|Any CPU
		{E0B8AE8A-01B9-46CC-8888-A8F1DF8918B4}.Release|Any CPU.ActiveCfg = Release|Any CPU
		{E0B8AE8A-01B9-46CC-8888-A8F1DF8918B4}.Release|Any CPU.Build.0 = Release|Any CPU
		{E95BDE14-DF26-49B1-AE25-3C08373A442F}.Debug|Any CPU.ActiveCfg = Debug|Any CPU
		{E95BDE14-DF26-49B1-AE25-3C08373A442F}.Debug|Any CPU.Build.0 = Debug|Any CPU
		{E95BDE14-DF26-49B1-AE25-3C08373A442F}.Release|Any CPU.ActiveCfg = Release|Any CPU
		{E95BDE14-DF26-49B1-AE25-3C08373A442F}.Release|Any CPU.Build.0 = Release|Any CPU
	EndGlobalSection
	GlobalSection(SolutionProperties) = preSolution
		HideSolutionNode = FALSE
	EndGlobalSection
EndGlobal
